
Microsoft Visual Studio Solution File, Format Version 12.00
# Visual Studio Version 16
VisualStudioVersion = 16.0.30330.147
MinimumVisualStudioVersion = 10.0.40219.1
Project("{8BC9CEB8-8B4A-11D0-8D11-00A0C91BC942}") = "Do_an_1", "Do_an_1.vcxproj", "{C0ED4765-6C0A-4C01-A6C0-C9BF4FBF4555}"
EndProject
Global
	GlobalSection(SolutionConfigurationPlatforms) = preSolution
		Debug|x64 = Debug|x64
		Debug|x86 = Debug|x86
		Release|x64 = Release|x64
		Release|x86 = Release|x86
	EndGlobalSection
	GlobalSection(ProjectConfigurationPlatforms) = postSolution
		{C0ED4765-6C0A-4C01-A6C0-C9BF4FBF4555}.Debug|x64.ActiveCfg = Debug|x64
		{C0ED4765-6C0A-4C01-A6C0-C9BF4FBF4555}.Debug|x64.Build.0 = Debug|x64
		{C0ED4765-6C0A-4C01-A6C0-C9BF4FBF4555}.Debug|x86.ActiveCfg = Debug|Win32
		{C0ED4765-6C0A-4C01-A6C0-C9BF4FBF4555}.Debug|x86.Build.0 = Debug|Win32
		{C0ED4765-6C0A-4C01-A6C0-C9BF4FBF4555}.Release|x64.ActiveCfg = Release|x64
		{C0ED4765-6C0A-4C01-A6C0-C9BF4FBF4555}.Release|x64.Build.0 = Release|x64
		{C0ED4765-6C0A-4C01-A6C0-C9BF4FBF4555}.Release|x86.ActiveCfg = Release|Win32
		{C0ED4765-6C0A-4C01-A6C0-C9BF4FBF4555}.Release|x86.Build.0 = Release|Win32
	EndGlobalSection
	GlobalSection(SolutionProperties) = preSolution
		HideSolutionNode = FALSE
	EndGlobalSection
	GlobalSection(ExtensibilityGlobals) = postSolution
		SolutionGuid = {41968B77-29C4-4072-AD11-8DD02F78CA93}
	EndGlobalSection
EndGlobal
